
Microsoft Visual Studio Solution File, Format Version 12.00
# Visual Studio Version 17
VisualStudioVersion = 17.11.35219.272
MinimumVisualStudioVersion = 10.0.40219.1
Project("{9A19103F-16F7-4668-BE54-9A1E7A4F7556}") = "HouseRentingSystem.Web", "HouseRentingSystem.Web\HouseRentingSystem.Web.csproj", "{93EBF038-6ABD-4BD0-8D52-413D982F6AFC}"
EndProject
Project("{9A19103F-16F7-4668-BE54-9A1E7A4F7556}") = "HouseRentingSystem.Core", "HouseRentingSystem.Core\HouseRentingSystem.Core.csproj", "{A9FB3F4D-31FC-42F8-AD76-F99F5CB81D56}"
EndProject
Project("{9A19103F-16F7-4668-BE54-9A1E7A4F7556}") = "HouseRentingSystem.Infrastructure", "HouseRentingSystem.Infrastructure\HouseRentingSystem.Infrastructure.csproj", "{D9CD9FEC-C63B-421C-A64A-234F9EDC322E}"
EndProject
Project("{9A19103F-16F7-4668-BE54-9A1E7A4F7556}") = "HouseRentingSystem.Tests", "HouseRentingSystem.Tests\HouseRentingSystem.Tests.csproj", "{C9DBE667-2843-4613-99E7-7345452ECBD2}"
EndProject
Global
	GlobalSection(SolutionConfigurationPlatforms) = preSolution
		Debug|Any CPU = Debug|Any CPU
		Release|Any CPU = Release|Any CPU
	EndGlobalSection
	GlobalSection(ProjectConfigurationPlatforms) = postSolution
		{93EBF038-6ABD-4BD0-8D52-413D982F6AFC}.Debug|Any CPU.ActiveCfg = Debug|Any CPU
		{93EBF038-6ABD-4BD0-8D52-413D982F6AFC}.Debug|Any CPU.Build.0 = Debug|Any CPU
		{93EBF038-6ABD-4BD0-8D52-413D982F6AFC}.Release|Any CPU.ActiveCfg = Release|Any CPU
		{93EBF038-6ABD-4BD0-8D52-413D982F6AFC}.Release|Any CPU.Build.0 = Release|Any CPU
		{A9FB3F4D-31FC-42F8-AD76-F99F5CB81D56}.Debug|Any CPU.ActiveCfg = Debug|Any CPU
		{A9FB3F4D-31FC-42F8-AD76-F99F5CB81D56}.Debug|Any CPU.Build.0 = Debug|Any CPU
		{A9FB3F4D-31FC-42F8-AD76-F99F5CB81D56}.Release|Any CPU.ActiveCfg = Release|Any CPU
		{A9FB3F4D-31FC-42F8-AD76-F99F5CB81D56}.Release|Any CPU.Build.0 = Release|Any CPU
		{D9CD9FEC-C63B-421C-A64A-234F9EDC322E}.Debug|Any CPU.ActiveCfg = Debug|Any CPU
		{D9CD9FEC-C63B-421C-A64A-234F9EDC322E}.Debug|Any CPU.Build.0 = Debug|Any CPU
		{D9CD9FEC-C63B-421C-A64A-234F9EDC322E}.Release|Any CPU.ActiveCfg = Release|Any CPU
		{D9CD9FEC-C63B-421C-A64A-234F9EDC322E}.Release|Any CPU.Build.0 = Release|Any CPU
		{C9DBE667-2843-4613-99E7-7345452ECBD2}.Debug|Any CPU.ActiveCfg = Debug|Any CPU
		{C9DBE667-2843-4613-99E7-7345452ECBD2}.Debug|Any CPU.Build.0 = Debug|Any CPU
		{C9DBE667-2843-4613-99E7-7345452ECBD2}.Release|Any CPU.ActiveCfg = Release|Any CPU
		{C9DBE667-2843-4613-99E7-7345452ECBD2}.Release|Any CPU.Build.0 = Release|Any CPU
	EndGlobalSection
	GlobalSection(SolutionProperties) = preSolution
		HideSolutionNode = FALSE
	EndGlobalSection
	GlobalSection(ExtensibilityGlobals) = postSolution
		SolutionGuid = {51C1A8F1-B5B7-44B6-A82A-8DA377F0DEA1}
	EndGlobalSection
EndGlobal
